
Microsoft Visual Studio Solution File, Format Version 12.00
# Visual Studio Version 16
VisualStudioVersion = 16.0.29209.62
MinimumVisualStudioVersion = 10.0.40219.1
Project("{FAE04EC0-301F-11D3-BF4B-00C04F79EFBC}") = "PowerBillEstimator", "OkoroIkenna_CPRG_200_Lab_1\PowerBillEstimator.csproj", "{942D86B4-98F8-4AA5-A2BC-EB305B0E37DA}"
EndProject
Project("{FAE04EC0-301F-11D3-BF4B-00C04F79EFBC}") = "CustomerData", "CustomerData\CustomerData.csproj", "{A1B8067D-4F35-41A3-A791-D8D5BA23A5DF}"
EndProject
Project("{FAE04EC0-301F-11D3-BF4B-00C04F79EFBC}") = "PowerBillingSystemTests", "OkoroIkenna_CPRG_200_Lab_1Tests\PowerBillingSystemTests.csproj", "{94C287FB-95BF-4EB7-9DDD-FB82B8452456}"
EndProject
Global
	GlobalSection(SolutionConfigurationPlatforms) = preSolution
		Debug|Any CPU = Debug|Any CPU
		Release|Any CPU = Release|Any CPU
	EndGlobalSection
	GlobalSection(ProjectConfigurationPlatforms) = postSolution
		{942D86B4-98F8-4AA5-A2BC-EB305B0E37DA}.Debug|Any CPU.ActiveCfg = Debug|Any CPU
		{942D86B4-98F8-4AA5-A2BC-EB305B0E37DA}.Debug|Any CPU.Build.0 = Debug|Any CPU
		{942D86B4-98F8-4AA5-A2BC-EB305B0E37DA}.Release|Any CPU.ActiveCfg = Release|Any CPU
		{942D86B4-98F8-4AA5-A2BC-EB305B0E37DA}.Release|Any CPU.Build.0 = Release|Any CPU
		{A1B8067D-4F35-41A3-A791-D8D5BA23A5DF}.Debug|Any CPU.ActiveCfg = Debug|Any CPU
		{A1B8067D-4F35-41A3-A791-D8D5BA23A5DF}.Debug|Any CPU.Build.0 = Debug|Any CPU
		{A1B8067D-4F35-41A3-A791-D8D5BA23A5DF}.Release|Any CPU.ActiveCfg = Release|Any CPU
		{A1B8067D-4F35-41A3-A791-D8D5BA23A5DF}.Release|Any CPU.Build.0 = Release|Any CPU
		{94C287FB-95BF-4EB7-9DDD-FB82B8452456}.Debug|Any CPU.ActiveCfg = Debug|Any CPU
		{94C287FB-95BF-4EB7-9DDD-FB82B8452456}.Debug|Any CPU.Build.0 = Debug|Any CPU
		{94C287FB-95BF-4EB7-9DDD-FB82B8452456}.Release|Any CPU.ActiveCfg = Release|Any CPU
		{94C287FB-95BF-4EB7-9DDD-FB82B8452456}.Release|Any CPU.Build.0 = Release|Any CPU
	EndGlobalSection
	GlobalSection(SolutionProperties) = preSolution
		HideSolutionNode = FALSE
	EndGlobalSection
	GlobalSection(ExtensibilityGlobals) = postSolution
		SolutionGuid = {72B99931-7F47-4B4A-8732-61872FE325A2}
	EndGlobalSection
EndGlobal
