
Microsoft Visual Studio Solution File, Format Version 12.00
# Visual Studio Version 16
VisualStudioVersion = 16.0.29209.62
MinimumVisualStudioVersion = 10.0.40219.1
Project("{FAE04EC0-301F-11D3-BF4B-00C04F79EFBC}") = "UniversityContactManagerSystem", "Okoro_Ikenna_CPRG_200_Lab_3\UniversityContactManagerSystem.csproj", "{C5B4A6F6-A88C-4EB3-8442-9B34DB6C726E}"
EndProject
Global
	GlobalSection(SolutionConfigurationPlatforms) = preSolution
		Debug|Any CPU = Debug|Any CPU
		Release|Any CPU = Release|Any CPU
	EndGlobalSection
	GlobalSection(ProjectConfigurationPlatforms) = postSolution
		{C5B4A6F6-A88C-4EB3-8442-9B34DB6C726E}.Debug|Any CPU.ActiveCfg = Debug|Any CPU
		{C5B4A6F6-A88C-4EB3-8442-9B34DB6C726E}.Debug|Any CPU.Build.0 = Debug|Any CPU
		{C5B4A6F6-A88C-4EB3-8442-9B34DB6C726E}.Release|Any CPU.ActiveCfg = Release|Any CPU
		{C5B4A6F6-A88C-4EB3-8442-9B34DB6C726E}.Release|Any CPU.Build.0 = Release|Any CPU
	EndGlobalSection
	GlobalSection(SolutionProperties) = preSolution
		HideSolutionNode = FALSE
	EndGlobalSection
	GlobalSection(ExtensibilityGlobals) = postSolution
		SolutionGuid = {3404D040-1F9A-4B78-909C-793BBC02060C}
	EndGlobalSection
EndGlobal
